// !$*UTF8*$!
{
	archiveVersion = 1;
	classes = {
	};
	objectVersion = 77;
	objects = {

/* Begin PBXBuildFile section */
		FBF000012F91000000D3E001 /* DevLogDomain in Frameworks */ = {isa = PBXBuildFile; productRef = FBF000012F91000000D3E101 /* DevLogDomain */; };
		FBF000012F91000000D3E002 /* DevLogData in Frameworks */ = {isa = PBXBuildFile; productRef = FBF000012F91000000D3E102 /* DevLogData */; };
		FBF000012F91000000D3E003 /* DevLogInfra in Frameworks */ = {isa = PBXBuildFile; productRef = FBF000012F91000000D3E103 /* DevLogInfra */; };
		FBF000012F91000000D3E004 /* DevLogStorage in Frameworks */ = {isa = PBXBuildFile; productRef = FBF000012F91000000D3E104 /* DevLogStorage */; };
		FBF000012F91000000D3E005 /* DevLogPresentation in Frameworks */ = {isa = PBXBuildFile; productRef = FBF000012F91000000D3E105 /* DevLogPresentation */; };
		FBF000012F91000000D3E006 /* DevLogUI in Frameworks */ = {isa = PBXBuildFile; productRef = FBF000012F91000000D3E106 /* DevLogUI */; };
		FBF000012F91000000D3E007 /* DevLogWidgetCore in Frameworks */ = {isa = PBXBuildFile; productRef = FBF000012F91000000D3E107 /* DevLogWidgetCore */; };
		FBF000012F91000000D3E008 /* DevLogWidgetShared in Frameworks */ = {isa = PBXBuildFile; productRef = FBF000012F91000000D3E108 /* DevLogWidgetShared */; };
		DFD3A9722F8E89DD001DA7CD /* WidgetKit.framework in Frameworks */ = {isa = PBXBuildFile; fileRef = DFD3A9712F8E89DD001DA7CD /* WidgetKit.framework */; };
		DFD3A9742F8E89DD001DA7CD /* SwiftUI.framework in Frameworks */ = {isa = PBXBuildFile; fileRef = DFD3A9732F8E89DD001DA7CD /* SwiftUI.framework */; };
		DFD3A97F2F8E89DF001DA7CD /* DevLogWidgetExtension.appex in Embed Foundation Extensions */ = {isa = PBXBuildFile; fileRef = DFD3A9702F8E89DD001DA7CD /* DevLogWidgetExtension.appex */; settings = {ATTRIBUTES = (RemoveHeadersOnCopy, ); }; };
		DFD645402EC827A10073E133 /* .gitignore in Resources */ = {isa = PBXBuildFile; fileRef = DFD6453F2EC827A10073E133 /* .gitignore */; };
		DFD74E2F2E423EA700613803 /* README.md in Resources */ = {isa = PBXBuildFile; fileRef = DFD74E2E2E423EA700613803 /* README.md */; };
/* End PBXBuildFile section */

/* Begin PBXContainerItemProxy section */
		DF34164B2E45F67C00F9312B /* PBXContainerItemProxy */ = {
			isa = PBXContainerItemProxy;
			containerPortal = DFD48AF82DC4D6E2005905C5 /* Project object */;
			proxyType = 1;
			remoteGlobalIDString = DFD48AFF2DC4D6E2005905C5;
			remoteInfo = DevLog;
		};
		DFD3A97D2F8E89DF001DA7CD /* PBXContainerItemProxy */ = {
			isa = PBXContainerItemProxy;
			containerPortal = DFD48AF82DC4D6E2005905C5 /* Project object */;
			proxyType = 1;
			remoteGlobalIDString = DFD3A96F2F8E89DD001DA7CD;
			remoteInfo = DevLogWidgetExtension;
		};
/* End PBXContainerItemProxy section */

/* Begin PBXCopyFilesBuildPhase section */
		DFD3A9802F8E89DF001DA7CD /* Embed Foundation Extensions */ = {
			isa = PBXCopyFilesBuildPhase;
			buildActionMask = 2147483647;
			dstPath = "";
			dstSubfolderSpec = 13;
			files = (
				DFD3A97F2F8E89DF001DA7CD /* DevLogWidgetExtension.appex in Embed Foundation Extensions */,
			);
			name = "Embed Foundation Extensions";
			runOnlyForDeploymentPostprocessing = 0;
		};
/* End PBXCopyFilesBuildPhase section */

/* Begin PBXFileReference section */
		DF3416492E45F67C00F9312B /* DevLog_Unit.xctest */ = {isa = PBXFileReference; explicitFileType = wrapper.cfbundle; includeInIndex = 0; path = DevLog_Unit.xctest; sourceTree = BUILT_PRODUCTS_DIR; };
		DFD3A9702F8E89DD001DA7CD /* DevLogWidgetExtension.appex */ = {isa = PBXFileReference; explicitFileType = "wrapper.app-extension"; includeInIndex = 0; path = DevLogWidgetExtension.appex; sourceTree = BUILT_PRODUCTS_DIR; };
		DFD3A9712F8E89DD001DA7CD /* WidgetKit.framework */ = {isa = PBXFileReference; lastKnownFileType = wrapper.framework; name = WidgetKit.framework; path = System/Library/Frameworks/WidgetKit.framework; sourceTree = SDKROOT; };
		DFD3A9732F8E89DD001DA7CD /* SwiftUI.framework */ = {isa = PBXFileReference; lastKnownFileType = wrapper.framework; name = SwiftUI.framework; path = System/Library/Frameworks/SwiftUI.framework; sourceTree = SDKROOT; };
		DFD48B002DC4D6E2005905C5 /* DevLog.app */ = {isa = PBXFileReference; explicitFileType = wrapper.application; includeInIndex = 0; path = DevLog.app; sourceTree = BUILT_PRODUCTS_DIR; };
		DFD6453F2EC827A10073E133 /* .gitignore */ = {isa = PBXFileReference; lastKnownFileType = text; path = .gitignore; sourceTree = "<group>"; };
		DFD74E2E2E423EA700613803 /* README.md */ = {isa = PBXFileReference; lastKnownFileType = net.daringfireball.markdown; path = README.md; sourceTree = "<group>"; };
		FBF000012F91000000D3E301 /* Package.swift */ = {isa = PBXFileReference; lastKnownFileType = sourcecode.swift; path = Package.swift; sourceTree = "<group>"; };
/* End PBXFileReference section */

/* Begin PBXFileSystemSynchronizedBuildFileExceptionSet section */
		DF8AB7A72E938CD700E50BBF /* Exceptions for "DevLog" folder in "DevLog" target */ = {
			isa = PBXFileSystemSynchronizedBuildFileExceptionSet;
			membershipExceptions = (
				Data,
				Domain,
				Infra,
				Presentation,
				Resource/Config.xcconfig,
				Resource/Info.plist,
				Storage,
				UI,
				Widget,
			);
			target = DFD48AFF2DC4D6E2005905C5 /* DevLog */;
		};
		DFD3A9842F8E89DF001DA7CD /* Exceptions for "DevLogWidget" folder in "DevLogWidgetExtension" target */ = {
			isa = PBXFileSystemSynchronizedBuildFileExceptionSet;
			membershipExceptions = (
				Resource/Info.plist,
			);
			target = DFD3A96F2F8E89DD001DA7CD /* DevLogWidgetExtension */;
		};
/* End PBXFileSystemSynchronizedBuildFileExceptionSet section */

/* Begin PBXFileSystemSynchronizedRootGroup section */
		DF34164A2E45F67C00F9312B /* DevLog_Unit */ = {
			isa = PBXFileSystemSynchronizedRootGroup;
			path = DevLog_Unit;
			sourceTree = "<group>";
		};
		DF8AB7982E938B0B00E50BBF /* DevLog */ = {
			isa = PBXFileSystemSynchronizedRootGroup;
			exceptions = (
				DF8AB7A72E938CD700E50BBF /* Exceptions for "DevLog" folder in "DevLog" target */,
			);
			path = DevLog;
			sourceTree = "<group>";
		};
		DFD3A9752F8E89DD001DA7CD /* DevLogWidget */ = {
			isa = PBXFileSystemSynchronizedRootGroup;
			exceptions = (
				DFD3A9842F8E89DF001DA7CD /* Exceptions for "DevLogWidget" folder in "DevLogWidgetExtension" target */,
			);
			path = DevLogWidget;
			sourceTree = "<group>";
		};
		FB02A8C62F900000001DA7CD /* WidgetShared */ = {
			isa = PBXFileSystemSynchronizedRootGroup;
			path = WidgetShared;
			sourceTree = "<group>";
		};
/* End PBXFileSystemSynchronizedRootGroup section */

/* Begin PBXFrameworksBuildPhase section */
		DF3416472E45F67C00F9312B /* Frameworks */ = {
			isa = PBXFrameworksBuildPhase;
			buildActionMask = 2147483647;
			files = (
				FBF000012F91000000D3E007 /* DevLogWidgetCore in Frameworks */,
				FBF000012F91000000D3E008 /* DevLogWidgetShared in Frameworks */,
				FBF000012F91000000D3E006 /* DevLogUI in Frameworks */,
				FBF000012F91000000D3E005 /* DevLogPresentation in Frameworks */,
				FBF000012F91000000D3E004 /* DevLogStorage in Frameworks */,
				FBF000012F91000000D3E003 /* DevLogInfra in Frameworks */,
				FBF000012F91000000D3E002 /* DevLogData in Frameworks */,
				FBF000012F91000000D3E001 /* DevLogDomain in Frameworks */,
			);
			runOnlyForDeploymentPostprocessing = 0;
		};
		DFD3A96D2F8E89DD001DA7CD /* Frameworks */ = {
			isa = PBXFrameworksBuildPhase;
			buildActionMask = 2147483647;
			files = (
				DFD3A9742F8E89DD001DA7CD /* SwiftUI.framework in Frameworks */,
				DFD3A9722F8E89DD001DA7CD /* WidgetKit.framework in Frameworks */,
			);
			runOnlyForDeploymentPostprocessing = 0;
		};
		DFD48AFD2DC4D6E2005905C5 /* Frameworks */ = {
			isa = PBXFrameworksBuildPhase;
			buildActionMask = 2147483647;
			files = (
			);
			runOnlyForDeploymentPostprocessing = 0;
		};
/* End PBXFrameworksBuildPhase section */

/* Begin PBXGroup section */
		DFD48AF72DC4D6E2005905C5 = {
			isa = PBXGroup;
			children = (
				DFD74E2E2E423EA700613803 /* README.md */,
				DFD6453F2EC827A10073E133 /* .gitignore */,
				FBF000012F91000000D3E301 /* Package.swift */,
				DF8AB7982E938B0B00E50BBF /* DevLog */,
				DF34164A2E45F67C00F9312B /* DevLog_Unit */,
				DFD3A9752F8E89DD001DA7CD /* DevLogWidget */,
				FB02A8C62F900000001DA7CD /* WidgetShared */,
				DFE28EB62DCCF26300B28FE5 /* Frameworks */,
				DFD48B012DC4D6E2005905C5 /* Products */,
			);
			sourceTree = "<group>";
		};
		DFD48B012DC4D6E2005905C5 /* Products */ = {
			isa = PBXGroup;
			children = (
				DF3416492E45F67C00F9312B /* DevLog_Unit.xctest */,
				DFD48B002DC4D6E2005905C5 /* DevLog.app */,
				DFD3A9702F8E89DD001DA7CD /* DevLogWidgetExtension.appex */,
			);
			name = Products;
			sourceTree = "<group>";
		};
		DFE28EB62DCCF26300B28FE5 /* Frameworks */ = {
			isa = PBXGroup;
			children = (
				DFD3A9712F8E89DD001DA7CD /* WidgetKit.framework */,
				DFD3A9732F8E89DD001DA7CD /* SwiftUI.framework */,
			);
			name = Frameworks;
			sourceTree = "<group>";
		};
/* End PBXGroup section */

/* Begin PBXNativeTarget section */
		DF3416442E45F67C00F9312B /* DevLog_Unit */ = {
			isa = PBXNativeTarget;
			buildConfigurationList = DF3416452E45F67C00F9312B /* Build configuration list for PBXNativeTarget "DevLog_Unit" */;
			buildPhases = (
				DF3416462E45F67C00F9312B /* Sources */,
				DF3416472E45F67C00F9312B /* Frameworks */,
				DF3416482E45F67C00F9312B /* Resources */,
			);
			buildRules = (
			);
			dependencies = (
				DF34164C2E45F67C00F9312B /* PBXTargetDependency */,
			);
			fileSystemSynchronizedGroups = (
				DF34164A2E45F67C00F9312B /* DevLog_Unit */,
			);
			name = DevLog_Unit;
			packageProductDependencies = (
			);
			productName = DevLog_Unit;
			productReference = DF3416492E45F67C00F9312B /* DevLog_Unit.xctest */;
			productType = "com.apple.product-type.bundle.unit-test";
		};
		DFD3A96F2F8E89DD001DA7CD /* DevLogWidgetExtension */ = {
			isa = PBXNativeTarget;
			buildConfigurationList = DFD3A9832F8E89DF001DA7CD /* Build configuration list for PBXNativeTarget "DevLogWidgetExtension" */;
			buildPhases = (
				DFD3A96C2F8E89DD001DA7CD /* Sources */,
				DFD3A96D2F8E89DD001DA7CD /* Frameworks */,
				DFD3A96E2F8E89DD001DA7CD /* Resources */,
			);
			buildRules = (
			);
			dependencies = (
			);
			fileSystemSynchronizedGroups = (
				DFD3A9752F8E89DD001DA7CD /* DevLogWidget */,
				FB02A8C62F900000001DA7CD /* WidgetShared */,
			);
			name = DevLogWidgetExtension;
			packageProductDependencies = (
			);
			productName = DevLogWidgetExtension;
			productReference = DFD3A9702F8E89DD001DA7CD /* DevLogWidgetExtension.appex */;
			productType = "com.apple.product-type.app-extension";
		};
		DFD48AFF2DC4D6E2005905C5 /* DevLog */ = {
			isa = PBXNativeTarget;
			buildConfigurationList = DFD48B112DC4D6E4005905C5 /* Build configuration list for PBXNativeTarget "DevLog" */;
			buildPhases = (
				DFD48AFC2DC4D6E2005905C5 /* Sources */,
				DFD48AFD2DC4D6E2005905C5 /* Frameworks */,
				DFD48AFE2DC4D6E2005905C5 /* Resources */,
				DFD3A9802F8E89DF001DA7CD /* Embed Foundation Extensions */,
			);
			buildRules = (
			);
			dependencies = (
				DF66A07D2EA52E9F0098E643 /* PBXTargetDependency */,
				DFD3A97E2F8E89DF001DA7CD /* PBXTargetDependency */,
			);
			fileSystemSynchronizedGroups = (
				DF8AB7982E938B0B00E50BBF /* DevLog */,
			);
			name = DevLog;
			packageProductDependencies = (
				FBF000012F91000000D3E101 /* DevLogDomain */,
				FBF000012F91000000D3E102 /* DevLogData */,
				FBF000012F91000000D3E103 /* DevLogInfra */,
				FBF000012F91000000D3E104 /* DevLogStorage */,
				FBF000012F91000000D3E105 /* DevLogPresentation */,
				FBF000012F91000000D3E106 /* DevLogUI */,
				FBF000012F91000000D3E107 /* DevLogWidgetCore */,
				FBF000012F91000000D3E108 /* DevLogWidgetShared */,
			);
			productName = SwiftUI_DevLog;
			productReference = DFD48B002DC4D6E2005905C5 /* DevLog.app */;
			productType = "com.apple.product-type.application";
		};
/* End PBXNativeTarget section */

/* Begin PBXProject section */
		DFD48AF82DC4D6E2005905C5 /* Project object */ = {
			isa = PBXProject;
			attributes = {
				BuildIndependentTargetsInParallel = 1;
				LastSwiftUpdateCheck = 2640;
				LastUpgradeCheck = 2640;
				TargetAttributes = {
					DF3416442E45F67C00F9312B = {
						CreatedOnToolsVersion = 16.3;
						TestTargetID = DFD48AFF2DC4D6E2005905C5;
					};
					DFD3A96F2F8E89DD001DA7CD = {
						CreatedOnToolsVersion = 26.4;
					};
					DFD48AFF2DC4D6E2005905C5 = {
						CreatedOnToolsVersion = 16.3;
					};
				};
			};
			buildConfigurationList = DFD48AFB2DC4D6E2005905C5 /* Build configuration list for PBXProject "DevLog" */;
			developmentRegion = ko;
			hasScannedForEncodings = 0;
			knownRegions = (
				ko,
				en,
				Base,
			);
			mainGroup = DFD48AF72DC4D6E2005905C5;
			minimizedProjectReferenceProxies = 1;
			packageReferences = (
				DF66A07B2EA52E970098E643 /* XCRemoteSwiftPackageReference "SwiftLint" */,
				FBF000012F91000000D3E201 /* XCLocalSwiftPackageReference "." */,
			);
			preferredProjectObjectVersion = 77;
			productRefGroup = DFD48B012DC4D6E2005905C5 /* Products */;
			projectDirPath = "";
			projectRoot = "";
			targets = (
				DF3416442E45F67C00F9312B /* DevLog_Unit */,
				DFD48AFF2DC4D6E2005905C5 /* DevLog */,
				DFD3A96F2F8E89DD001DA7CD /* DevLogWidgetExtension */,
			);
		};
/* End PBXProject section */

/* Begin PBXResourcesBuildPhase section */
		DF3416482E45F67C00F9312B /* Resources */ = {
			isa = PBXResourcesBuildPhase;
			buildActionMask = 2147483647;
			files = (
			);
			runOnlyForDeploymentPostprocessing = 0;
		};
		DFD3A96E2F8E89DD001DA7CD /* Resources */ = {
			isa = PBXResourcesBuildPhase;
			buildActionMask = 2147483647;
			files = (
			);
			runOnlyForDeploymentPostprocessing = 0;
		};
		DFD48AFE2DC4D6E2005905C5 /* Resources */ = {
			isa = PBXResourcesBuildPhase;
			buildActionMask = 2147483647;
			files = (
				DFD645402EC827A10073E133 /* .gitignore in Resources */,
				DFD74E2F2E423EA700613803 /* README.md in Resources */,
			);
			runOnlyForDeploymentPostprocessing = 0;
		};
/* End PBXResourcesBuildPhase section */

/* Begin PBXSourcesBuildPhase section */
		DF3416462E45F67C00F9312B /* Sources */ = {
			isa = PBXSourcesBuildPhase;
			buildActionMask = 2147483647;
			files = (
			);
			runOnlyForDeploymentPostprocessing = 0;
		};
		DFD3A96C2F8E89DD001DA7CD /* Sources */ = {
			isa = PBXSourcesBuildPhase;
			buildActionMask = 2147483647;
			files = (
			);
			runOnlyForDeploymentPostprocessing = 0;
		};
		DFD48AFC2DC4D6E2005905C5 /* Sources */ = {
			isa = PBXSourcesBuildPhase;
			buildActionMask = 2147483647;
			files = (
			);
			runOnlyForDeploymentPostprocessing = 0;
		};
/* End PBXSourcesBuildPhase section */

/* Begin PBXTargetDependency section */
		DF34164C2E45F67C00F9312B /* PBXTargetDependency */ = {
			isa = PBXTargetDependency;
			target = DFD48AFF2DC4D6E2005905C5 /* DevLog */;
			targetProxy = DF34164B2E45F67C00F9312B /* PBXContainerItemProxy */;
		};
		DF66A07D2EA52E9F0098E643 /* PBXTargetDependency */ = {
			isa = PBXTargetDependency;
			productRef = DF66A07C2EA52E9F0098E643 /* SwiftLintBuildToolPlugin */;
		};
		DFD3A97E2F8E89DF001DA7CD /* PBXTargetDependency */ = {
			isa = PBXTargetDependency;
			target = DFD3A96F2F8E89DD001DA7CD /* DevLogWidgetExtension */;
			targetProxy = DFD3A97D2F8E89DF001DA7CD /* PBXContainerItemProxy */;
		};
/* End PBXTargetDependency section */

/* Begin XCBuildConfiguration section */
		DF34164D2E45F67C00F9312B /* Debug */ = {
			isa = XCBuildConfiguration;
			buildSettings = {
				BUNDLE_LOADER = "$(TEST_HOST)";
				CODE_SIGN_STYLE = Automatic;
				CURRENT_PROJECT_VERSION = 1;
				DEVELOPMENT_TEAM = 4CPC6N38WA;
				GENERATE_INFOPLIST_FILE = YES;
				IPHONEOS_DEPLOYMENT_TARGET = 17;
				MARKETING_VERSION = 1.2;
				PRODUCT_BUNDLE_IDENTIFIER = opfic.DevLog_Unit;
				PRODUCT_NAME = "$(TARGET_NAME)";
				STRING_CATALOG_GENERATE_SYMBOLS = NO;
				SUPPORTED_PLATFORMS = "iphoneos iphonesimulator";
				SUPPORTS_MACCATALYST = NO;
				SUPPORTS_MAC_DESIGNED_FOR_IPHONE_IPAD = YES;
				SUPPORTS_XR_DESIGNED_FOR_IPHONE_IPAD = NO;
				SWIFT_EMIT_LOC_STRINGS = NO;
				SWIFT_VERSION = 5.0;
				TARGETED_DEVICE_FAMILY = "1,2";
				TEST_HOST = "$(BUILT_PRODUCTS_DIR)/DevLog.app/$(BUNDLE_EXECUTABLE_FOLDER_PATH)/DevLog";
				TEST_TARGET_NAME = DevLog;
			};
			name = Debug;
		};
		DF34164E2E45F67C00F9312B /* Release */ = {
			isa = XCBuildConfiguration;
			buildSettings = {
				BUNDLE_LOADER = "$(TEST_HOST)";
				CODE_SIGN_STYLE = Automatic;
				CURRENT_PROJECT_VERSION = 1;
				DEVELOPMENT_TEAM = 4CPC6N38WA;
				GENERATE_INFOPLIST_FILE = YES;
				IPHONEOS_DEPLOYMENT_TARGET = 17;
				MARKETING_VERSION = 1.2;
				PRODUCT_BUNDLE_IDENTIFIER = opfic.DevLog_Unit;
				PRODUCT_NAME = "$(TARGET_NAME)";
				STRING_CATALOG_GENERATE_SYMBOLS = NO;
				SUPPORTED_PLATFORMS = "iphoneos iphonesimulator";
				SUPPORTS_MACCATALYST = NO;
				SUPPORTS_MAC_DESIGNED_FOR_IPHONE_IPAD = YES;
				SUPPORTS_XR_DESIGNED_FOR_IPHONE_IPAD = NO;
				SWIFT_EMIT_LOC_STRINGS = NO;
				SWIFT_VERSION = 5.0;
				TARGETED_DEVICE_FAMILY = "1,2";
				TEST_HOST = "$(BUILT_PRODUCTS_DIR)/DevLog.app/$(BUNDLE_EXECUTABLE_FOLDER_PATH)/DevLog";
				TEST_TARGET_NAME = DevLog;
			};
			name = Release;
		};
		DFD3A9812F8E89DF001DA7CD /* Debug */ = {
			isa = XCBuildConfiguration;
			buildSettings = {
				ASSETCATALOG_COMPILER_GLOBAL_ACCENT_COLOR_NAME = AccentColor;
				ASSETCATALOG_COMPILER_WIDGET_BACKGROUND_COLOR_NAME = WidgetBackground;
				CODE_SIGN_ENTITLEMENTS = DevLogWidget/Resource/DevLogWidget.entitlements;
				CODE_SIGN_IDENTITY = "Apple Development";
				CODE_SIGN_STYLE = Automatic;
				CURRENT_PROJECT_VERSION = 1;
				DEVELOPMENT_TEAM = 4CPC6N38WA;
				GENERATE_INFOPLIST_FILE = YES;
				INFOPLIST_FILE = DevLogWidget/Resource/Info.plist;
				INFOPLIST_KEY_CFBundleDisplayName = DevLogWidget;
				INFOPLIST_KEY_NSHumanReadableCopyright = "";
				IPHONEOS_DEPLOYMENT_TARGET = 17;
				LD_RUNPATH_SEARCH_PATHS = (
					"$(inherited)",
					"@executable_path/Frameworks",
					"@executable_path/../../Frameworks",
				);
				MARKETING_VERSION = 1.2;
				PRODUCT_BUNDLE_IDENTIFIER = opfic.DevLog.DevLogWidget;
				PRODUCT_NAME = "$(TARGET_NAME)";
				SKIP_INSTALL = YES;
				STRING_CATALOG_GENERATE_SYMBOLS = YES;
				SUPPORTED_PLATFORMS = "iphoneos iphonesimulator";
				SUPPORTS_MACCATALYST = NO;
				SUPPORTS_XR_DESIGNED_FOR_IPHONE_IPAD = NO;
				SWIFT_APPROACHABLE_CONCURRENCY = YES;
				SWIFT_EMIT_LOC_STRINGS = YES;
				SWIFT_UPCOMING_FEATURE_MEMBER_IMPORT_VISIBILITY = YES;
				SWIFT_VERSION = 5.0;
				TARGETED_DEVICE_FAMILY = "1,2";
			};
			name = Debug;
		};
		DFD3A9822F8E89DF001DA7CD /* Release */ = {
			isa = XCBuildConfiguration;
			buildSettings = {
				ASSETCATALOG_COMPILER_GLOBAL_ACCENT_COLOR_NAME = AccentColor;
				ASSETCATALOG_COMPILER_WIDGET_BACKGROUND_COLOR_NAME = WidgetBackground;
				CODE_SIGN_ENTITLEMENTS = DevLogWidget/Resource/DevLogWidget.entitlements;
				CODE_SIGN_IDENTITY = "Apple Development";
				CODE_SIGN_STYLE = Automatic;
				CURRENT_PROJECT_VERSION = 1;
				DEVELOPMENT_TEAM = 4CPC6N38WA;
				GENERATE_INFOPLIST_FILE = YES;
				INFOPLIST_FILE = DevLogWidget/Resource/Info.plist;
				INFOPLIST_KEY_CFBundleDisplayName = DevLogWidget;
				INFOPLIST_KEY_NSHumanReadableCopyright = "";
				IPHONEOS_DEPLOYMENT_TARGET = 17;
				LD_RUNPATH_SEARCH_PATHS = (
					"$(inherited)",
					"@executable_path/Frameworks",
					"@executable_path/../../Frameworks",
				);
				MARKETING_VERSION = 1.2;
				PRODUCT_BUNDLE_IDENTIFIER = opfic.DevLog.DevLogWidget;
				PRODUCT_NAME = "$(TARGET_NAME)";
				SKIP_INSTALL = YES;
				STRING_CATALOG_GENERATE_SYMBOLS = YES;
				SUPPORTED_PLATFORMS = "iphoneos iphonesimulator";
				SUPPORTS_MACCATALYST = NO;
				SUPPORTS_XR_DESIGNED_FOR_IPHONE_IPAD = NO;
				SWIFT_APPROACHABLE_CONCURRENCY = YES;
				SWIFT_EMIT_LOC_STRINGS = YES;
				SWIFT_UPCOMING_FEATURE_MEMBER_IMPORT_VISIBILITY = YES;
				SWIFT_VERSION = 5.0;
				TARGETED_DEVICE_FAMILY = "1,2";
			};
			name = Release;
		};
		DFD48B122DC4D6E4005905C5 /* Debug */ = {
			isa = XCBuildConfiguration;
			baseConfigurationReferenceAnchor = DF8AB7982E938B0B00E50BBF /* DevLog */;
			baseConfigurationReferenceRelativePath = Resource/Config.xcconfig;
			buildSettings = {
				APS_ENVIRONMENT = development;
				ASSETCATALOG_COMPILER_APPICON_NAME = AppIcon;
				ASSETCATALOG_COMPILER_GLOBAL_ACCENT_COLOR_NAME = AccentColor;
				ASSETCATALOG_COMPILER_INCLUDE_ALL_APPICON_ASSETS = YES;
				CODE_SIGN_ENTITLEMENTS = DevLog/Resource/DevLog.entitlements;
				CODE_SIGN_IDENTITY = "Apple Development";
				CODE_SIGN_STYLE = Automatic;
				CURRENT_PROJECT_VERSION = 1;
				DEVELOPMENT_TEAM = 4CPC6N38WA;
				ENABLE_PREVIEWS = YES;
				ENABLE_USER_SCRIPT_SANDBOXING = NO;
				GENERATE_INFOPLIST_FILE = YES;
				INFOPLIST_FILE = DevLog/Resource/Info.plist;
				INFOPLIST_KEY_CFBundleDisplayName = DevLog;
				INFOPLIST_KEY_ITSAppUsesNonExemptEncryption = NO;
				INFOPLIST_KEY_LSApplicationCategoryType = "public.app-category.productivity";
				INFOPLIST_KEY_UIApplicationSceneManifest_Generation = YES;
				INFOPLIST_KEY_UIApplicationSupportsIndirectInputEvents = YES;
				INFOPLIST_KEY_UILaunchScreen_Generation = YES;
				INFOPLIST_KEY_UIStatusBarStyle = "";
				INFOPLIST_KEY_UISupportedInterfaceOrientations = UIInterfaceOrientationPortrait;
				INFOPLIST_KEY_UISupportedInterfaceOrientations_iPad = "UIInterfaceOrientationLandscapeLeft UIInterfaceOrientationLandscapeRight UIInterfaceOrientationPortrait UIInterfaceOrientationPortraitUpsideDown";
				IPHONEOS_DEPLOYMENT_TARGET = 17;
				LD_RUNPATH_SEARCH_PATHS = (
					"$(inherited)",
					"@executable_path/Frameworks",
				);
				LOCALIZED_STRING_SWIFTUI_SUPPORT = YES;
				MARKETING_VERSION = 1.2;
				PRODUCT_BUNDLE_IDENTIFIER = opfic.DevLog;
				PRODUCT_NAME = "$(TARGET_NAME)";
				PROVISIONING_PROFILE_SPECIFIER = "";
				SUPPORTED_PLATFORMS = "iphoneos iphonesimulator";
				SUPPORTS_MACCATALYST = NO;
				SUPPORTS_MAC_DESIGNED_FOR_IPHONE_IPAD = YES;
				SUPPORTS_XR_DESIGNED_FOR_IPHONE_IPAD = NO;
				SWIFT_EMIT_LOC_STRINGS = YES;
				SWIFT_VERSION = 5.0;
				TARGETED_DEVICE_FAMILY = "1,2";
			};
			name = Debug;
		};
		DFD48B132DC4D6E4005905C5 /* Release */ = {
			isa = XCBuildConfiguration;
			baseConfigurationReferenceAnchor = DF8AB7982E938B0B00E50BBF /* DevLog */;
			baseConfigurationReferenceRelativePath = Resource/Config.xcconfig;
			buildSettings = {
				APS_ENVIRONMENT = production;
				ASSETCATALOG_COMPILER_APPICON_NAME = AppIcon;
				ASSETCATALOG_COMPILER_GLOBAL_ACCENT_COLOR_NAME = AccentColor;
				ASSETCATALOG_COMPILER_INCLUDE_ALL_APPICON_ASSETS = YES;
				CODE_SIGN_ENTITLEMENTS = DevLog/Resource/DevLog.entitlements;
				CODE_SIGN_IDENTITY = "Apple Development";
				CODE_SIGN_STYLE = Automatic;
				CURRENT_PROJECT_VERSION = 1;
				DEVELOPMENT_TEAM = 4CPC6N38WA;
				ENABLE_PREVIEWS = YES;
				ENABLE_USER_SCRIPT_SANDBOXING = NO;
				GENERATE_INFOPLIST_FILE = YES;
				INFOPLIST_FILE = DevLog/Resource/Info.plist;
				INFOPLIST_KEY_CFBundleDisplayName = DevLog;
				INFOPLIST_KEY_ITSAppUsesNonExemptEncryption = NO;
				INFOPLIST_KEY_LSApplicationCategoryType = "public.app-category.productivity";
				INFOPLIST_KEY_UIApplicationSceneManifest_Generation = YES;
				INFOPLIST_KEY_UIApplicationSupportsIndirectInputEvents = YES;
				INFOPLIST_KEY_UILaunchScreen_Generation = YES;
				INFOPLIST_KEY_UIStatusBarStyle = "";
				INFOPLIST_KEY_UISupportedInterfaceOrientations = UIInterfaceOrientationPortrait;
				INFOPLIST_KEY_UISupportedInterfaceOrientations_iPad = "UIInterfaceOrientationLandscapeLeft UIInterfaceOrientationLandscapeRight UIInterfaceOrientationPortrait UIInterfaceOrientationPortraitUpsideDown";
				IPHONEOS_DEPLOYMENT_TARGET = 17;
				LD_RUNPATH_SEARCH_PATHS = (
					"$(inherited)",
					"@executable_path/Frameworks",
				);
				LOCALIZED_STRING_SWIFTUI_SUPPORT = YES;
				MARKETING_VERSION = 1.2;
				PRODUCT_BUNDLE_IDENTIFIER = opfic.DevLog;
				PRODUCT_NAME = "$(TARGET_NAME)";
				PROVISIONING_PROFILE_SPECIFIER = "";
				SUPPORTED_PLATFORMS = "iphoneos iphonesimulator";
				SUPPORTS_MACCATALYST = NO;
				SUPPORTS_MAC_DESIGNED_FOR_IPHONE_IPAD = YES;
				SUPPORTS_XR_DESIGNED_FOR_IPHONE_IPAD = NO;
				SWIFT_EMIT_LOC_STRINGS = YES;
				SWIFT_VERSION = 5.0;
				TARGETED_DEVICE_FAMILY = "1,2";
			};
			name = Release;
		};
		DFD48B142DC4D6E4005905C5 /* Debug */ = {
			isa = XCBuildConfiguration;
			baseConfigurationReferenceAnchor = DF8AB7982E938B0B00E50BBF /* DevLog */;
			baseConfigurationReferenceRelativePath = Resource/Config.xcconfig;
			buildSettings = {
				ALWAYS_SEARCH_USER_PATHS = NO;
				ASSETCATALOG_COMPILER_GENERATE_SWIFT_ASSET_SYMBOL_EXTENSIONS = YES;
				CLANG_ANALYZER_LOCALIZABILITY_NONLOCALIZED = YES;
				CLANG_ANALYZER_NONNULL = YES;
				CLANG_ANALYZER_NUMBER_OBJECT_CONVERSION = YES_AGGRESSIVE;
				CLANG_CXX_LANGUAGE_STANDARD = "gnu++20";
				CLANG_ENABLE_MODULES = YES;
				CLANG_ENABLE_OBJC_ARC = YES;
				CLANG_ENABLE_OBJC_WEAK = YES;
				CLANG_WARN_BLOCK_CAPTURE_AUTORELEASING = YES;
				CLANG_WARN_BOOL_CONVERSION = YES;
				CLANG_WARN_COMMA = YES;
				CLANG_WARN_CONSTANT_CONVERSION = YES;
				CLANG_WARN_DEPRECATED_OBJC_IMPLEMENTATIONS = YES;
				CLANG_WARN_DIRECT_OBJC_ISA_USAGE = YES_ERROR;
				CLANG_WARN_DOCUMENTATION_COMMENTS = YES;
				CLANG_WARN_EMPTY_BODY = YES;
				CLANG_WARN_ENUM_CONVERSION = YES;
				CLANG_WARN_INFINITE_RECURSION = YES;
				CLANG_WARN_INT_CONVERSION = YES;
				CLANG_WARN_NON_LITERAL_NULL_CONVERSION = YES;
				CLANG_WARN_OBJC_IMPLICIT_RETAIN_SELF = YES;
				CLANG_WARN_OBJC_LITERAL_CONVERSION = YES;
				CLANG_WARN_OBJC_ROOT_CLASS = YES_ERROR;
				CLANG_WARN_QUOTED_INCLUDE_IN_FRAMEWORK_HEADER = YES;
				CLANG_WARN_RANGE_LOOP_ANALYSIS = YES;
				CLANG_WARN_STRICT_PROTOTYPES = YES;
				CLANG_WARN_SUSPICIOUS_MOVE = YES;
				CLANG_WARN_UNGUARDED_AVAILABILITY = YES_AGGRESSIVE;
				CLANG_WARN_UNREACHABLE_CODE = YES;
				CLANG_WARN__DUPLICATE_METHOD_MATCH = YES;
				COPY_PHASE_STRIP = NO;
				DEBUG_INFORMATION_FORMAT = dwarf;
				DEVELOPMENT_TEAM = 4CPC6N38WA;
				ENABLE_STRICT_OBJC_MSGSEND = YES;
				ENABLE_TESTABILITY = YES;
				ENABLE_USER_SCRIPT_SANDBOXING = YES;
				GCC_C_LANGUAGE_STANDARD = gnu17;
				GCC_DYNAMIC_NO_PIC = NO;
				GCC_NO_COMMON_BLOCKS = YES;
				GCC_OPTIMIZATION_LEVEL = 0;
				GCC_PREPROCESSOR_DEFINITIONS = (
					"DEBUG=1",
					"$(inherited)",
				);
				GCC_WARN_64_TO_32_BIT_CONVERSION = YES;
				GCC_WARN_ABOUT_RETURN_TYPE = YES_ERROR;
				GCC_WARN_UNDECLARED_SELECTOR = YES;
				GCC_WARN_UNINITIALIZED_AUTOS = YES_AGGRESSIVE;
				GCC_WARN_UNUSED_FUNCTION = YES;
				GCC_WARN_UNUSED_VARIABLE = YES;
				IPHONEOS_DEPLOYMENT_TARGET = 18.4;
				LOCALIZATION_PREFERS_STRING_CATALOGS = YES;
				MTL_ENABLE_DEBUG_INFO = INCLUDE_SOURCE;
				MTL_FAST_MATH = YES;
				ONLY_ACTIVE_ARCH = YES;
				SDKROOT = iphoneos;
				STRING_CATALOG_GENERATE_SYMBOLS = YES;
				SWIFT_ACTIVE_COMPILATION_CONDITIONS = "DEBUG $(inherited)";
				SWIFT_EMIT_LOC_STRINGS = YES;
				SWIFT_OPTIMIZATION_LEVEL = "-Onone";
			};
			name = Debug;
		};
		DFD48B152DC4D6E4005905C5 /* Release */ = {
			isa = XCBuildConfiguration;
			baseConfigurationReferenceAnchor = DF8AB7982E938B0B00E50BBF /* DevLog */;
			baseConfigurationReferenceRelativePath = Resource/Config.xcconfig;
			buildSettings = {
				ALWAYS_SEARCH_USER_PATHS = NO;
				ASSETCATALOG_COMPILER_GENERATE_SWIFT_ASSET_SYMBOL_EXTENSIONS = YES;
				CLANG_ANALYZER_LOCALIZABILITY_NONLOCALIZED = YES;
				CLANG_ANALYZER_NONNULL = YES;
				CLANG_ANALYZER_NUMBER_OBJECT_CONVERSION = YES_AGGRESSIVE;
				CLANG_CXX_LANGUAGE_STANDARD = "gnu++20";
				CLANG_ENABLE_MODULES = YES;
				CLANG_ENABLE_OBJC_ARC = YES;
				CLANG_ENABLE_OBJC_WEAK = YES;
				CLANG_WARN_BLOCK_CAPTURE_AUTORELEASING = YES;
				CLANG_WARN_BOOL_CONVERSION = YES;
				CLANG_WARN_COMMA = YES;
				CLANG_WARN_CONSTANT_CONVERSION = YES;
				CLANG_WARN_DEPRECATED_OBJC_IMPLEMENTATIONS = YES;
				CLANG_WARN_DIRECT_OBJC_ISA_USAGE = YES_ERROR;
				CLANG_WARN_DOCUMENTATION_COMMENTS = YES;
				CLANG_WARN_EMPTY_BODY = YES;
				CLANG_WARN_ENUM_CONVERSION = YES;
				CLANG_WARN_INFINITE_RECURSION = YES;
				CLANG_WARN_INT_CONVERSION = YES;
				CLANG_WARN_NON_LITERAL_NULL_CONVERSION = YES;
				CLANG_WARN_OBJC_IMPLICIT_RETAIN_SELF = YES;
				CLANG_WARN_OBJC_LITERAL_CONVERSION = YES;
				CLANG_WARN_OBJC_ROOT_CLASS = YES_ERROR;
				CLANG_WARN_QUOTED_INCLUDE_IN_FRAMEWORK_HEADER = YES;
				CLANG_WARN_RANGE_LOOP_ANALYSIS = YES;
				CLANG_WARN_STRICT_PROTOTYPES = YES;
				CLANG_WARN_SUSPICIOUS_MOVE = YES;
				CLANG_WARN_UNGUARDED_AVAILABILITY = YES_AGGRESSIVE;
				CLANG_WARN_UNREACHABLE_CODE = YES;
				CLANG_WARN__DUPLICATE_METHOD_MATCH = YES;
				COPY_PHASE_STRIP = NO;
				DEBUG_INFORMATION_FORMAT = "dwarf-with-dsym";
				DEVELOPMENT_TEAM = 4CPC6N38WA;
				ENABLE_NS_ASSERTIONS = NO;
				ENABLE_STRICT_OBJC_MSGSEND = YES;
				ENABLE_USER_SCRIPT_SANDBOXING = YES;
				GCC_C_LANGUAGE_STANDARD = gnu17;
				GCC_NO_COMMON_BLOCKS = YES;
				GCC_WARN_64_TO_32_BIT_CONVERSION = YES;
				GCC_WARN_ABOUT_RETURN_TYPE = YES_ERROR;
				GCC_WARN_UNDECLARED_SELECTOR = YES;
				GCC_WARN_UNINITIALIZED_AUTOS = YES_AGGRESSIVE;
				GCC_WARN_UNUSED_FUNCTION = YES;
				GCC_WARN_UNUSED_VARIABLE = YES;
				IPHONEOS_DEPLOYMENT_TARGET = 18.4;
				LOCALIZATION_PREFERS_STRING_CATALOGS = YES;
				MTL_ENABLE_DEBUG_INFO = NO;
				MTL_FAST_MATH = YES;
				SDKROOT = iphoneos;
				STRING_CATALOG_GENERATE_SYMBOLS = YES;
				SWIFT_COMPILATION_MODE = wholemodule;
				SWIFT_EMIT_LOC_STRINGS = YES;
				VALIDATE_PRODUCT = YES;
			};
			name = Release;
		};
/* End XCBuildConfiguration section */

/* Begin XCConfigurationList section */
		DF3416452E45F67C00F9312B /* Build configuration list for PBXNativeTarget "DevLog_Unit" */ = {
			isa = XCConfigurationList;
			buildConfigurations = (
				DF34164D2E45F67C00F9312B /* Debug */,
				DF34164E2E45F67C00F9312B /* Release */,
			);
			defaultConfigurationIsVisible = 0;
			defaultConfigurationName = Release;
		};
		DFD3A9832F8E89DF001DA7CD /* Build configuration list for PBXNativeTarget "DevLogWidgetExtension" */ = {
			isa = XCConfigurationList;
			buildConfigurations = (
				DFD3A9812F8E89DF001DA7CD /* Debug */,
				DFD3A9822F8E89DF001DA7CD /* Release */,
			);
			defaultConfigurationIsVisible = 0;
			defaultConfigurationName = Release;
		};
		DFD48AFB2DC4D6E2005905C5 /* Build configuration list for PBXProject "DevLog" */ = {
			isa = XCConfigurationList;
			buildConfigurations = (
				DFD48B142DC4D6E4005905C5 /* Debug */,
				DFD48B152DC4D6E4005905C5 /* Release */,
			);
			defaultConfigurationIsVisible = 0;
			defaultConfigurationName = Release;
		};
		DFD48B112DC4D6E4005905C5 /* Build configuration list for PBXNativeTarget "DevLog" */ = {
			isa = XCConfigurationList;
			buildConfigurations = (
				DFD48B122DC4D6E4005905C5 /* Debug */,
				DFD48B132DC4D6E4005905C5 /* Release */,
			);
			defaultConfigurationIsVisible = 0;
			defaultConfigurationName = Release;
		};
/* End XCConfigurationList section */

/* Begin XCLocalSwiftPackageReference section */
		FBF000012F91000000D3E201 /* XCLocalSwiftPackageReference "." */ = {
			isa = XCLocalSwiftPackageReference;
			relativePath = ".";
		};
/* End XCLocalSwiftPackageReference section */

/* Begin XCRemoteSwiftPackageReference section */
		DF66A07B2EA52E970098E643 /* XCRemoteSwiftPackageReference "SwiftLint" */ = {
			isa = XCRemoteSwiftPackageReference;
			repositoryURL = "https://github.com/realm/SwiftLint";
			requirement = {
				kind = upToNextMajorVersion;
				minimumVersion = 0.62.1;
			};
		};
/* End XCRemoteSwiftPackageReference section */

/* Begin XCSwiftPackageProductDependency section */
		DF66A07C2EA52E9F0098E643 /* SwiftLintBuildToolPlugin */ = {
			isa = XCSwiftPackageProductDependency;
			package = DF66A07B2EA52E970098E643 /* XCRemoteSwiftPackageReference "SwiftLint" */;
			productName = "plugin:SwiftLintBuildToolPlugin";
		};
		FBF000012F91000000D3E101 /* DevLogDomain */ = {
			isa = XCSwiftPackageProductDependency;
			productName = DevLogDomain;
		};
		FBF000012F91000000D3E102 /* DevLogData */ = {
			isa = XCSwiftPackageProductDependency;
			productName = DevLogData;
		};
		FBF000012F91000000D3E103 /* DevLogInfra */ = {
			isa = XCSwiftPackageProductDependency;
			productName = DevLogInfra;
		};
		FBF000012F91000000D3E104 /* DevLogStorage */ = {
			isa = XCSwiftPackageProductDependency;
			productName = DevLogStorage;
		};
		FBF000012F91000000D3E105 /* DevLogPresentation */ = {
			isa = XCSwiftPackageProductDependency;
			productName = DevLogPresentation;
		};
		FBF000012F91000000D3E106 /* DevLogUI */ = {
			isa = XCSwiftPackageProductDependency;
			productName = DevLogUI;
		};
		FBF000012F91000000D3E107 /* DevLogWidgetCore */ = {
			isa = XCSwiftPackageProductDependency;
			productName = DevLogWidgetCore;
		};
		FBF000012F91000000D3E108 /* DevLogWidgetShared */ = {
			isa = XCSwiftPackageProductDependency;
			productName = DevLogWidgetShared;
		};
/* End XCSwiftPackageProductDependency section */
	};
	rootObject = DFD48AF82DC4D6E2005905C5 /* Project object */;
}
