// !$*UTF8*$!
{
	archiveVersion = 1;
	classes = {
	};
	objectVersion = 46;
	objects = {

/* Begin PBXBuildFile section */
		0A5A148F5EF1BAD010BED113 /* HeatmapMonth.swift in Sources */ = {isa = PBXBuildFile; fileRef = 70C952669C86B8EB042ED7CF /* HeatmapMonth.swift */; };
		0F4B4A95DBD1219D374B47E3 /* HeatmapActivityItem.swift in Sources */ = {isa = PBXBuildFile; fileRef = A04BEF390A74ECC5558A076F /* HeatmapActivityItem.swift */; };
		104A1B691C40A8182E5F8EF8 /* Store.swift in Sources */ = {isa = PBXBuildFile; fileRef = D26AF44FFBB251F34E8F80B5 /* Store.swift */; };
		10EA3E7496613DE389BF9DB7 /* PushNotificationItem.swift in Sources */ = {isa = PBXBuildFile; fileRef = BF28FCF602F6165DC67FE7D6 /* PushNotificationItem.swift */; };
		143CCE59C5AE926947DA0EA6 /* SystemTodoCategoryItem.swift in Sources */ = {isa = PBXBuildFile; fileRef = A117BE662EC3F9C96FF9AC61 /* SystemTodoCategoryItem.swift */; };
		18C98041FF04371B8D65344B /* DevLogDataCommon.framework in Frameworks */ = {isa = PBXBuildFile; fileRef = E2DCC0B6BEE21E7E61E0D2C8 /* DevLogDataCommon.framework */; };
		1A5EF7B2B4490CBCA9DAA040 /* SearchViewModel.swift in Sources */ = {isa = PBXBuildFile; fileRef = 0E844646CD1D172C92451FBE /* SearchViewModel.swift */; };
		246479E87ECFD0B2DDDA1F75 /* TodoListViewModel.swift in Sources */ = {isa = PBXBuildFile; fileRef = BA522CF101F432B37F315C24 /* TodoListViewModel.swift */; };
		2FB6AD996A213275B4EEEA05 /* TodayViewModel.swift in Sources */ = {isa = PBXBuildFile; fileRef = 0F3C4B51F6957C8E9D93DC4E /* TodayViewModel.swift */; };
		3530599B937DC8E3F908F3F3 /* LoadingState.swift in Sources */ = {isa = PBXBuildFile; fileRef = E06ED9387372D891F65B1CAD /* LoadingState.swift */; };
		363613285150A9CE24C9A251 /* ActivityKindItem.swift in Sources */ = {isa = PBXBuildFile; fileRef = 64E49223C6BC0615AC7B9C37 /* ActivityKindItem.swift */; };
		44ACA41EDDAB32BA6DD4419B /* MainViewModel.swift in Sources */ = {isa = PBXBuildFile; fileRef = B93F9DFD3646DEC19DB952E0 /* MainViewModel.swift */; };
		44B70769659747F403D98B3A /* SettingViewModel.swift in Sources */ = {isa = PBXBuildFile; fileRef = 045ABCD0E3877256008CDAFF /* SettingViewModel.swift */; };
		516FF64DF6F521E446A4E55B /* AccountViewModel.swift in Sources */ = {isa = PBXBuildFile; fileRef = 1B9804109E1FE95126DD869B /* AccountViewModel.swift */; };
		55F93EBF8B32C5B838DC13A3 /* TodoDetailViewModel.swift in Sources */ = {isa = PBXBuildFile; fileRef = A21824C2F6D3F1903489FFF2 /* TodoDetailViewModel.swift */; };
		59A456649207F4FA33CCD747 /* TodoManageViewModel.swift in Sources */ = {isa = PBXBuildFile; fileRef = 5EF81D9BB299B33C5ED8DB52 /* TodoManageViewModel.swift */; };
		5C687AA63F317542D6EBAC59 /* LoginViewModel.swift in Sources */ = {isa = PBXBuildFile; fileRef = C39861EE0C254CCC9A608201 /* LoginViewModel.swift */; };
		5E60673D981843248E402D54 /* RootViewModel.swift in Sources */ = {isa = PBXBuildFile; fileRef = 1907637E4162396EEDF058C2 /* RootViewModel.swift */; };
		72DEE86FF7C989E685B4AC0B /* HomeViewModel.swift in Sources */ = {isa = PBXBuildFile; fileRef = 7E39559C85F238BBE47342B5 /* HomeViewModel.swift */; };
		73D3CC9EDECF98AEE1D71A7E /* PushNotificationListViewModel.swift in Sources */ = {isa = PBXBuildFile; fileRef = E6D3BFDF45BC61BF099D5E0A /* PushNotificationListViewModel.swift */; };
		8177365142615E093EFEBA2D /* TodoCategoryItem.swift in Sources */ = {isa = PBXBuildFile; fileRef = 0BE3388699802CC7CD57BD74 /* TodoCategoryItem.swift */; };
		8F0F4426566FDABC9804C3FD /* TodoIDItem.swift in Sources */ = {isa = PBXBuildFile; fileRef = 9305330DB8199E1911FAAF49 /* TodoIDItem.swift */; };
		A36B72465455E8FE6C5D95FD /* HeatmapDay.swift in Sources */ = {isa = PBXBuildFile; fileRef = B4D75E33B582B3347AC077B0 /* HeatmapDay.swift */; };
		AB242EFD5B25055A0F4B3436 /* TodoEditorViewModel.swift in Sources */ = {isa = PBXBuildFile; fileRef = E272AFC7BED9E140B0BC0C5B /* TodoEditorViewModel.swift */; };
		BAFA35470372A100D996D4A8 /* Color+Hex.swift in Sources */ = {isa = PBXBuildFile; fileRef = D985AFDC4BC28BB5F34D35B1 /* Color+Hex.swift */; };
		BD140AE5E7EBE1F485AE5C65 /* TodoListItem.swift in Sources */ = {isa = PBXBuildFile; fileRef = D7258BA3748F0B1BDB1AFFD3 /* TodoListItem.swift */; };
		BDC5D53C3F06032A1CE7AFDA /* WebPageItem.swift in Sources */ = {isa = PBXBuildFile; fileRef = B19BFDE3E7FFD430D6DF2AA5 /* WebPageItem.swift */; };
		C217400D4242DC74BA88D82D /* UserTodoCategoryItem.swift in Sources */ = {isa = PBXBuildFile; fileRef = F2B9AAA5D7DDF4A39E678406 /* UserTodoCategoryItem.swift */; };
		C3F4F347400691516783EF81 /* TodoReferenceItem.swift in Sources */ = {isa = PBXBuildFile; fileRef = 9C6D01FAEAE8EB1FB2D60C7A /* TodoReferenceItem.swift */; };
		CC36598B842BA60E284D4A9E /* Foundation.framework in Frameworks */ = {isa = PBXBuildFile; fileRef = 3E43EBE726188C58FFB2B6CD /* Foundation.framework */; };
		CD1D494C5D0EC118C8BAD491 /* TodayTodoItem.swift in Sources */ = {isa = PBXBuildFile; fileRef = 2BCF82DE8DF3DDEAF78826B5 /* TodayTodoItem.swift */; };
		D8DCEA367C54C527295E004F /* HeatmapQuarter.swift in Sources */ = {isa = PBXBuildFile; fileRef = C2EDDC1E545869FE9C849E4B /* HeatmapQuarter.swift */; };
		DB081DF4854E8D445EFE0608 /* ProfileViewModel.swift in Sources */ = {isa = PBXBuildFile; fileRef = 53B7D1C854833EFD757D7AD4 /* ProfileViewModel.swift */; };
		E7EBEBA803A9449A6CBEF11B /* RecentTodoItem.swift in Sources */ = {isa = PBXBuildFile; fileRef = F39AE1F6609037A277C54DD7 /* RecentTodoItem.swift */; };
		E91B53D33C90B9298E0B2EA1 /* DevLogDomain.framework in Frameworks */ = {isa = PBXBuildFile; fileRef = 6AF2C2F0F0FE28B3D9B45801 /* DevLogDomain.framework */; };
		FBD395A75EDED059CC021AF3 /* PushNotificationSettingsViewModel.swift in Sources */ = {isa = PBXBuildFile; fileRef = A9A0628537CFB964D5641A5F /* PushNotificationSettingsViewModel.swift */; };
/* End PBXBuildFile section */

/* Begin PBXContainerItemProxy section */
		3DFAA1B8CAA99746A43B0525 /* PBXContainerItemProxy */ = {
			isa = PBXContainerItemProxy;
			containerPortal = 8ECF3A755EF0EF7F7BAEF5EC /* DevLogData.xcodeproj */;
			proxyType = 2;
			remoteGlobalIDString = C063BD562070CA11C2AA4EDF;
			remoteInfo = Subproject;
		};
		63A78AEC0654C9B6030C055B /* PBXContainerItemProxy */ = {
			isa = PBXContainerItemProxy;
			containerPortal = B2511C949378771BDB605CC6 /* DevLogDomain.xcodeproj */;
			proxyType = 1;
			remoteGlobalIDString = 7D1E74925088998D68BBFBBB;
			remoteInfo = DevLogDomain;
		};
		77E4314FC17F4A0414624BB3 /* PBXContainerItemProxy */ = {
			isa = PBXContainerItemProxy;
			containerPortal = 8ECF3A755EF0EF7F7BAEF5EC /* DevLogData.xcodeproj */;
			proxyType = 1;
			remoteGlobalIDString = 80A60CC195BD79C638F5B405;
			remoteInfo = DevLogDataCommon;
		};
		7EC73D0C02D4A6D53AB175BB /* PBXContainerItemProxy */ = {
			isa = PBXContainerItemProxy;
			containerPortal = 8ECF3A755EF0EF7F7BAEF5EC /* DevLogData.xcodeproj */;
			proxyType = 2;
			remoteGlobalIDString = 690289F520872AC78D6C95D3;
			remoteInfo = Subproject;
		};
		8AB12CC1E45EA2E88A0C348C /* PBXContainerItemProxy */ = {
			isa = PBXContainerItemProxy;
			containerPortal = 8ECF3A755EF0EF7F7BAEF5EC /* DevLogData.xcodeproj */;
			proxyType = 2;
			remoteGlobalIDString = 44466B71BA6B67309210A7BB;
			remoteInfo = Subproject;
		};
		BDCEF8AD496E43BE1880A579 /* PBXContainerItemProxy */ = {
			isa = PBXContainerItemProxy;
			containerPortal = 8ECF3A755EF0EF7F7BAEF5EC /* DevLogData.xcodeproj */;
			proxyType = 2;
			remoteGlobalIDString = 92502C9F074520D19CC451EF;
			remoteInfo = Subproject;
		};
		D589A82F38CCB742DB42F82D /* PBXContainerItemProxy */ = {
			isa = PBXContainerItemProxy;
			containerPortal = 8ECF3A755EF0EF7F7BAEF5EC /* DevLogData.xcodeproj */;
			proxyType = 2;
			remoteGlobalIDString = 4AB6E00A38C37CDBF82B57FD;
			remoteInfo = Subproject;
		};
		F62246BFB23AD8069C3C9A25 /* PBXContainerItemProxy */ = {
			isa = PBXContainerItemProxy;
			containerPortal = B2511C949378771BDB605CC6 /* DevLogDomain.xcodeproj */;
			proxyType = 2;
			remoteGlobalIDString = 3F08F6B94839E9021FCFC466;
			remoteInfo = Subproject;
		};
/* End PBXContainerItemProxy section */

/* Begin PBXFileReference section */
		045ABCD0E3877256008CDAFF /* SettingViewModel.swift */ = {isa = PBXFileReference; includeInIndex = 1; lastKnownFileType = sourcecode.swift; name = SettingViewModel.swift; path = ../../DevLog/Presentation/ViewModel/SettingViewModel.swift; sourceTree = "<group>"; };
		0BE3388699802CC7CD57BD74 /* TodoCategoryItem.swift */ = {isa = PBXFileReference; includeInIndex = 1; lastKnownFileType = sourcecode.swift; name = TodoCategoryItem.swift; path = ../../DevLog/Presentation/Structure/Todo/TodoCategoryItem.swift; sourceTree = "<group>"; };
		0E844646CD1D172C92451FBE /* SearchViewModel.swift */ = {isa = PBXFileReference; includeInIndex = 1; lastKnownFileType = sourcecode.swift; name = SearchViewModel.swift; path = ../../DevLog/Presentation/ViewModel/SearchViewModel.swift; sourceTree = "<group>"; };
		0F3C4B51F6957C8E9D93DC4E /* TodayViewModel.swift */ = {isa = PBXFileReference; includeInIndex = 1; lastKnownFileType = sourcecode.swift; name = TodayViewModel.swift; path = ../../DevLog/Presentation/ViewModel/TodayViewModel.swift; sourceTree = "<group>"; };
		1907637E4162396EEDF058C2 /* RootViewModel.swift */ = {isa = PBXFileReference; includeInIndex = 1; lastKnownFileType = sourcecode.swift; name = RootViewModel.swift; path = ../../DevLog/Presentation/ViewModel/RootViewModel.swift; sourceTree = "<group>"; };
		1B9804109E1FE95126DD869B /* AccountViewModel.swift */ = {isa = PBXFileReference; includeInIndex = 1; lastKnownFileType = sourcecode.swift; name = AccountViewModel.swift; path = ../../DevLog/Presentation/ViewModel/AccountViewModel.swift; sourceTree = "<group>"; };
		2BCF82DE8DF3DDEAF78826B5 /* TodayTodoItem.swift */ = {isa = PBXFileReference; includeInIndex = 1; lastKnownFileType = sourcecode.swift; name = TodayTodoItem.swift; path = ../../DevLog/Presentation/Structure/Todo/TodayTodoItem.swift; sourceTree = "<group>"; };
		3E43EBE726188C58FFB2B6CD /* Foundation.framework */ = {isa = PBXFileReference; lastKnownFileType = wrapper.framework; name = Foundation.framework; path = Platforms/iPhoneOS.platform/Developer/SDKs/iPhoneOS18.0.sdk/System/Library/Frameworks/Foundation.framework; sourceTree = DEVELOPER_DIR; };
		53B7D1C854833EFD757D7AD4 /* ProfileViewModel.swift */ = {isa = PBXFileReference; includeInIndex = 1; lastKnownFileType = sourcecode.swift; name = ProfileViewModel.swift; path = ../../DevLog/Presentation/ViewModel/ProfileViewModel.swift; sourceTree = "<group>"; };
		5E7473315771B5D3030C5003 /* DevLogPresentation.framework */ = {isa = PBXFileReference; explicitFileType = wrapper.framework; includeInIndex = 0; path = DevLogPresentation.framework; sourceTree = BUILT_PRODUCTS_DIR; };
		5EF81D9BB299B33C5ED8DB52 /* TodoManageViewModel.swift */ = {isa = PBXFileReference; includeInIndex = 1; lastKnownFileType = sourcecode.swift; name = TodoManageViewModel.swift; path = ../../DevLog/Presentation/ViewModel/TodoManageViewModel.swift; sourceTree = "<group>"; };
		64E49223C6BC0615AC7B9C37 /* ActivityKindItem.swift */ = {isa = PBXFileReference; includeInIndex = 1; lastKnownFileType = sourcecode.swift; name = ActivityKindItem.swift; path = ../../DevLog/Presentation/Structure/Profile/ActivityKindItem.swift; sourceTree = "<group>"; };
		70C952669C86B8EB042ED7CF /* HeatmapMonth.swift */ = {isa = PBXFileReference; includeInIndex = 1; lastKnownFileType = sourcecode.swift; name = HeatmapMonth.swift; path = ../../DevLog/Presentation/Structure/Profile/HeatmapMonth.swift; sourceTree = "<group>"; };
		7E39559C85F238BBE47342B5 /* HomeViewModel.swift */ = {isa = PBXFileReference; includeInIndex = 1; lastKnownFileType = sourcecode.swift; name = HomeViewModel.swift; path = ../../DevLog/Presentation/ViewModel/HomeViewModel.swift; sourceTree = "<group>"; };
		8ECF3A755EF0EF7F7BAEF5EC /* DevLogData.xcodeproj */ = {isa = PBXFileReference; lastKnownFileType = "wrapper.pb-project"; name = DevLogData.xcodeproj; path = ../DevLogData/DevLogData.xcodeproj; sourceTree = "<group>"; };
		9305330DB8199E1911FAAF49 /* TodoIDItem.swift */ = {isa = PBXFileReference; includeInIndex = 1; lastKnownFileType = sourcecode.swift; name = TodoIDItem.swift; path = ../../DevLog/Presentation/Structure/Todo/TodoIDItem.swift; sourceTree = "<group>"; };
		9C6D01FAEAE8EB1FB2D60C7A /* TodoReferenceItem.swift */ = {isa = PBXFileReference; includeInIndex = 1; lastKnownFileType = sourcecode.swift; name = TodoReferenceItem.swift; path = ../../DevLog/Presentation/Structure/Todo/TodoReferenceItem.swift; sourceTree = "<group>"; };
		A04BEF390A74ECC5558A076F /* HeatmapActivityItem.swift */ = {isa = PBXFileReference; includeInIndex = 1; lastKnownFileType = sourcecode.swift; name = HeatmapActivityItem.swift; path = ../../DevLog/Presentation/Structure/Profile/HeatmapActivityItem.swift; sourceTree = "<group>"; };
		A117BE662EC3F9C96FF9AC61 /* SystemTodoCategoryItem.swift */ = {isa = PBXFileReference; includeInIndex = 1; lastKnownFileType = sourcecode.swift; name = SystemTodoCategoryItem.swift; path = ../../DevLog/Presentation/Structure/Todo/SystemTodoCategoryItem.swift; sourceTree = "<group>"; };
		A21824C2F6D3F1903489FFF2 /* TodoDetailViewModel.swift */ = {isa = PBXFileReference; includeInIndex = 1; lastKnownFileType = sourcecode.swift; name = TodoDetailViewModel.swift; path = ../../DevLog/Presentation/ViewModel/TodoDetailViewModel.swift; sourceTree = "<group>"; };
		A9A0628537CFB964D5641A5F /* PushNotificationSettingsViewModel.swift */ = {isa = PBXFileReference; includeInIndex = 1; lastKnownFileType = sourcecode.swift; name = PushNotificationSettingsViewModel.swift; path = ../../DevLog/Presentation/ViewModel/PushNotificationSettingsViewModel.swift; sourceTree = "<group>"; };
		B19BFDE3E7FFD430D6DF2AA5 /* WebPageItem.swift */ = {isa = PBXFileReference; includeInIndex = 1; lastKnownFileType = sourcecode.swift; name = WebPageItem.swift; path = ../../DevLog/Presentation/Structure/WebPageItem.swift; sourceTree = "<group>"; };
		B2511C949378771BDB605CC6 /* DevLogDomain.xcodeproj */ = {isa = PBXFileReference; lastKnownFileType = "wrapper.pb-project"; name = DevLogDomain.xcodeproj; path = ../DevLogDomain/DevLogDomain.xcodeproj; sourceTree = "<group>"; };
		B4D75E33B582B3347AC077B0 /* HeatmapDay.swift */ = {isa = PBXFileReference; includeInIndex = 1; lastKnownFileType = sourcecode.swift; name = HeatmapDay.swift; path = ../../DevLog/Presentation/Structure/Profile/HeatmapDay.swift; sourceTree = "<group>"; };
		B93F9DFD3646DEC19DB952E0 /* MainViewModel.swift */ = {isa = PBXFileReference; includeInIndex = 1; lastKnownFileType = sourcecode.swift; name = MainViewModel.swift; path = ../../DevLog/Presentation/ViewModel/MainViewModel.swift; sourceTree = "<group>"; };
		BA522CF101F432B37F315C24 /* TodoListViewModel.swift */ = {isa = PBXFileReference; includeInIndex = 1; lastKnownFileType = sourcecode.swift; name = TodoListViewModel.swift; path = ../../DevLog/Presentation/ViewModel/TodoListViewModel.swift; sourceTree = "<group>"; };
		BF28FCF602F6165DC67FE7D6 /* PushNotificationItem.swift */ = {isa = PBXFileReference; includeInIndex = 1; lastKnownFileType = sourcecode.swift; name = PushNotificationItem.swift; path = ../../DevLog/Presentation/Structure/PushNotificationItem.swift; sourceTree = "<group>"; };
		C2EDDC1E545869FE9C849E4B /* HeatmapQuarter.swift */ = {isa = PBXFileReference; includeInIndex = 1; lastKnownFileType = sourcecode.swift; name = HeatmapQuarter.swift; path = ../../DevLog/Presentation/Structure/Profile/HeatmapQuarter.swift; sourceTree = "<group>"; };
		C39861EE0C254CCC9A608201 /* LoginViewModel.swift */ = {isa = PBXFileReference; includeInIndex = 1; lastKnownFileType = sourcecode.swift; name = LoginViewModel.swift; path = ../../DevLog/Presentation/ViewModel/LoginViewModel.swift; sourceTree = "<group>"; };
		D26AF44FFBB251F34E8F80B5 /* Store.swift */ = {isa = PBXFileReference; includeInIndex = 1; lastKnownFileType = sourcecode.swift; name = Store.swift; path = ../../DevLog/Presentation/Protocol/Store.swift; sourceTree = "<group>"; };
		D7258BA3748F0B1BDB1AFFD3 /* TodoListItem.swift */ = {isa = PBXFileReference; includeInIndex = 1; lastKnownFileType = sourcecode.swift; name = TodoListItem.swift; path = ../../DevLog/Presentation/Structure/Todo/TodoListItem.swift; sourceTree = "<group>"; };
		D985AFDC4BC28BB5F34D35B1 /* Color+Hex.swift */ = {isa = PBXFileReference; includeInIndex = 1; lastKnownFileType = sourcecode.swift; name = "Color+Hex.swift"; path = "../../DevLog/Presentation/Extension/Color+Hex.swift"; sourceTree = "<group>"; };
		E06ED9387372D891F65B1CAD /* LoadingState.swift */ = {isa = PBXFileReference; includeInIndex = 1; lastKnownFileType = sourcecode.swift; name = LoadingState.swift; path = ../../DevLog/Presentation/Common/LoadingState.swift; sourceTree = "<group>"; };
		E272AFC7BED9E140B0BC0C5B /* TodoEditorViewModel.swift */ = {isa = PBXFileReference; includeInIndex = 1; lastKnownFileType = sourcecode.swift; name = TodoEditorViewModel.swift; path = ../../DevLog/Presentation/ViewModel/TodoEditorViewModel.swift; sourceTree = "<group>"; };
		E6D3BFDF45BC61BF099D5E0A /* PushNotificationListViewModel.swift */ = {isa = PBXFileReference; includeInIndex = 1; lastKnownFileType = sourcecode.swift; name = PushNotificationListViewModel.swift; path = ../../DevLog/Presentation/ViewModel/PushNotificationListViewModel.swift; sourceTree = "<group>"; };
		F2B9AAA5D7DDF4A39E678406 /* UserTodoCategoryItem.swift */ = {isa = PBXFileReference; includeInIndex = 1; lastKnownFileType = sourcecode.swift; name = UserTodoCategoryItem.swift; path = ../../DevLog/Presentation/Structure/Todo/UserTodoCategoryItem.swift; sourceTree = "<group>"; };
		F39AE1F6609037A277C54DD7 /* RecentTodoItem.swift */ = {isa = PBXFileReference; includeInIndex = 1; lastKnownFileType = sourcecode.swift; name = RecentTodoItem.swift; path = ../../DevLog/Presentation/Structure/Todo/RecentTodoItem.swift; sourceTree = "<group>"; };
/* End PBXFileReference section */

/* Begin PBXFrameworksBuildPhase section */
		583BF4C4F7EB77076D3CFEA2 /* Frameworks */ = {
			isa = PBXFrameworksBuildPhase;
			buildActionMask = 2147483647;
			files = (
				CC36598B842BA60E284D4A9E /* Foundation.framework in Frameworks */,
				E91B53D33C90B9298E0B2EA1 /* DevLogDomain.framework in Frameworks */,
				18C98041FF04371B8D65344B /* DevLogDataCommon.framework in Frameworks */,
			);
			runOnlyForDeploymentPostprocessing = 0;
		};
/* End PBXFrameworksBuildPhase section */

/* Begin PBXGroup section */
		03D4331F04C462F4C642860F /* Products */ = {
			isa = PBXGroup;
			children = (
				5E7473315771B5D3030C5003 /* DevLogPresentation.framework */,
				6AF2C2F0F0FE28B3D9B45801 /* DevLogDomain.framework */,
				E2DCC0B6BEE21E7E61E0D2C8 /* DevLogDataCommon.framework */,
				B369CB942ED1617E5B26BEF5 /* DevLogDataDTO.framework */,
				ECA0FA5D48B08534F54744FC /* DevLogDataProtocol.framework */,
				80C7F2CB4F4D5904E5DB6956 /* DevLogDataMapper.framework */,
				45BCDF66F607E7CACB49B7C9 /* DevLogDataRepository.framework */,
			);
			name = Products;
			sourceTree = "<group>";
		};
		1193621431B4F1245A560067 /* Extension */ = {
			isa = PBXGroup;
			children = (
				D985AFDC4BC28BB5F34D35B1 /* Color+Hex.swift */,
			);
			name = Extension;
			sourceTree = "<group>";
		};
		13DA278FCF792713D53657D7 /* Structure */ = {
			isa = PBXGroup;
			children = (
				D9C1D736903B0AD12DA504BA /* Profile */,
				BF28FCF602F6165DC67FE7D6 /* PushNotificationItem.swift */,
				E4A0DAED0089A38F5494701B /* Todo */,
				B19BFDE3E7FFD430D6DF2AA5 /* WebPageItem.swift */,
			);
			name = Structure;
			sourceTree = "<group>";
		};
		1DB192900CD86ED478FCDE79 /* Protocol */ = {
			isa = PBXGroup;
			children = (
				D26AF44FFBB251F34E8F80B5 /* Store.swift */,
			);
			name = Protocol;
			sourceTree = "<group>";
		};
		253FAAC4504D4C5E1B11C833 = {
			isa = PBXGroup;
			children = (
				03D4331F04C462F4C642860F /* Products */,
				9CC0354538B2A1DF2C74E484 /* Frameworks */,
				A4A427D518004ED78EB659DE /* DevLogPresentation */,
				65C85B83FD4ECCC13F82B90F /* Projects */,
			);
			sourceTree = "<group>";
		};
		65C85B83FD4ECCC13F82B90F /* Projects */ = {
			isa = PBXGroup;
			children = (
				B2511C949378771BDB605CC6 /* DevLogDomain.xcodeproj */,
				8ECF3A755EF0EF7F7BAEF5EC /* DevLogData.xcodeproj */,
			);
			name = Projects;
			sourceTree = "<group>";
		};
		727E4EDC1C08E03AAA6FED64 /* ViewModel */ = {
			isa = PBXGroup;
			children = (
				1B9804109E1FE95126DD869B /* AccountViewModel.swift */,
				7E39559C85F238BBE47342B5 /* HomeViewModel.swift */,
				C39861EE0C254CCC9A608201 /* LoginViewModel.swift */,
				B93F9DFD3646DEC19DB952E0 /* MainViewModel.swift */,
				53B7D1C854833EFD757D7AD4 /* ProfileViewModel.swift */,
				E6D3BFDF45BC61BF099D5E0A /* PushNotificationListViewModel.swift */,
				A9A0628537CFB964D5641A5F /* PushNotificationSettingsViewModel.swift */,
				1907637E4162396EEDF058C2 /* RootViewModel.swift */,
				0E844646CD1D172C92451FBE /* SearchViewModel.swift */,
				045ABCD0E3877256008CDAFF /* SettingViewModel.swift */,
				0F3C4B51F6957C8E9D93DC4E /* TodayViewModel.swift */,
				A21824C2F6D3F1903489FFF2 /* TodoDetailViewModel.swift */,
				E272AFC7BED9E140B0BC0C5B /* TodoEditorViewModel.swift */,
				BA522CF101F432B37F315C24 /* TodoListViewModel.swift */,
				5EF81D9BB299B33C5ED8DB52 /* TodoManageViewModel.swift */,
			);
			name = ViewModel;
			sourceTree = "<group>";
		};
		9A88EA8D5BC609F90B07B726 /* iOS */ = {
			isa = PBXGroup;
			children = (
				3E43EBE726188C58FFB2B6CD /* Foundation.framework */,
			);
			name = iOS;
			sourceTree = "<group>";
		};
		9CC0354538B2A1DF2C74E484 /* Frameworks */ = {
			isa = PBXGroup;
			children = (
				9A88EA8D5BC609F90B07B726 /* iOS */,
			);
			name = Frameworks;
			sourceTree = "<group>";
		};
		9DE70A3D1E020E5B69721DB1 /* Common */ = {
			isa = PBXGroup;
			children = (
				E06ED9387372D891F65B1CAD /* LoadingState.swift */,
			);
			name = Common;
			sourceTree = "<group>";
		};
		A4A427D518004ED78EB659DE /* DevLogPresentation */ = {
			isa = PBXGroup;
			children = (
				9DE70A3D1E020E5B69721DB1 /* Common */,
				1193621431B4F1245A560067 /* Extension */,
				1DB192900CD86ED478FCDE79 /* Protocol */,
				13DA278FCF792713D53657D7 /* Structure */,
				727E4EDC1C08E03AAA6FED64 /* ViewModel */,
			);
			name = DevLogPresentation;
			sourceTree = "<group>";
		};
		D9C1D736903B0AD12DA504BA /* Profile */ = {
			isa = PBXGroup;
			children = (
				64E49223C6BC0615AC7B9C37 /* ActivityKindItem.swift */,
				A04BEF390A74ECC5558A076F /* HeatmapActivityItem.swift */,
				B4D75E33B582B3347AC077B0 /* HeatmapDay.swift */,
				70C952669C86B8EB042ED7CF /* HeatmapMonth.swift */,
				C2EDDC1E545869FE9C849E4B /* HeatmapQuarter.swift */,
			);
			name = Profile;
			sourceTree = "<group>";
		};
		E4A0DAED0089A38F5494701B /* Todo */ = {
			isa = PBXGroup;
			children = (
				F39AE1F6609037A277C54DD7 /* RecentTodoItem.swift */,
				A117BE662EC3F9C96FF9AC61 /* SystemTodoCategoryItem.swift */,
				2BCF82DE8DF3DDEAF78826B5 /* TodayTodoItem.swift */,
				0BE3388699802CC7CD57BD74 /* TodoCategoryItem.swift */,
				9305330DB8199E1911FAAF49 /* TodoIDItem.swift */,
				D7258BA3748F0B1BDB1AFFD3 /* TodoListItem.swift */,
				9C6D01FAEAE8EB1FB2D60C7A /* TodoReferenceItem.swift */,
				F2B9AAA5D7DDF4A39E678406 /* UserTodoCategoryItem.swift */,
			);
			name = Todo;
			sourceTree = "<group>";
		};
/* End PBXGroup section */

/* Begin PBXHeadersBuildPhase section */
		B43C4645395086BDD925E8B4 /* Headers */ = {
			isa = PBXHeadersBuildPhase;
			buildActionMask = 2147483647;
			files = (
			);
			runOnlyForDeploymentPostprocessing = 0;
		};
/* End PBXHeadersBuildPhase section */

/* Begin PBXNativeTarget section */
		A85D2D7D1D6DAAFBF86C9C34 /* DevLogPresentation */ = {
			isa = PBXNativeTarget;
			buildConfigurationList = 3740A9B62C71D6CE98B3688F /* Build configuration list for PBXNativeTarget "DevLogPresentation" */;
			buildPhases = (
				B43C4645395086BDD925E8B4 /* Headers */,
				F3DA432031981B11AF07B907 /* Sources */,
				583BF4C4F7EB77076D3CFEA2 /* Frameworks */,
				5F943984CC1B4A3836CF316E /* Resources */,
			);
			buildRules = (
			);
			dependencies = (
				C8EA2345A40DFA6BCCD803EE /* PBXTargetDependency */,
				3E21F3A3C22C9F31A55EC073 /* PBXTargetDependency */,
			);
			name = DevLogPresentation;
			productName = DevLogPresentation;
			productReference = 5E7473315771B5D3030C5003 /* DevLogPresentation.framework */;
			productType = "com.apple.product-type.framework";
		};
/* End PBXNativeTarget section */

/* Begin PBXProject section */
		096704712B06C41C6A0FE074 /* Project object */ = {
			isa = PBXProject;
			attributes = {
				LastSwiftUpdateCheck = 1600;
				LastUpgradeCheck = 1600;
			};
			buildConfigurationList = FE8B1D393F1236CFECA60C89 /* Build configuration list for PBXProject "DevLogPresentation" */;
			compatibilityVersion = "Xcode 3.2";
			developmentRegion = en;
			hasScannedForEncodings = 0;
			knownRegions = (
				en,
				Base,
			);
			mainGroup = 253FAAC4504D4C5E1B11C833;
			minimizedProjectReferenceProxies = 0;
			preferredProjectObjectVersion = 77;
			productRefGroup = 03D4331F04C462F4C642860F /* Products */;
			projectDirPath = "";
			projectReferences = (
				{
					ProductGroup = 03D4331F04C462F4C642860F /* Products */;
					ProjectRef = B2511C949378771BDB605CC6 /* DevLogDomain.xcodeproj */;
				},
				{
					ProductGroup = 03D4331F04C462F4C642860F /* Products */;
					ProjectRef = 8ECF3A755EF0EF7F7BAEF5EC /* DevLogData.xcodeproj */;
				},
			);
			projectRoot = "";
			targets = (
				A85D2D7D1D6DAAFBF86C9C34 /* DevLogPresentation */,
			);
		};
/* End PBXProject section */

/* Begin PBXReferenceProxy section */
		45BCDF66F607E7CACB49B7C9 /* DevLogDataRepository.framework */ = {
			isa = PBXReferenceProxy;
			fileType = wrapper.framework;
			path = DevLogDataRepository.framework;
			remoteRef = D589A82F38CCB742DB42F82D /* PBXContainerItemProxy */;
			sourceTree = BUILT_PRODUCTS_DIR;
		};
		6AF2C2F0F0FE28B3D9B45801 /* DevLogDomain.framework */ = {
			isa = PBXReferenceProxy;
			fileType = wrapper.framework;
			path = DevLogDomain.framework;
			remoteRef = F62246BFB23AD8069C3C9A25 /* PBXContainerItemProxy */;
			sourceTree = BUILT_PRODUCTS_DIR;
		};
		80C7F2CB4F4D5904E5DB6956 /* DevLogDataMapper.framework */ = {
			isa = PBXReferenceProxy;
			fileType = wrapper.framework;
			path = DevLogDataMapper.framework;
			remoteRef = 8AB12CC1E45EA2E88A0C348C /* PBXContainerItemProxy */;
			sourceTree = BUILT_PRODUCTS_DIR;
		};
		B369CB942ED1617E5B26BEF5 /* DevLogDataDTO.framework */ = {
			isa = PBXReferenceProxy;
			fileType = wrapper.framework;
			path = DevLogDataDTO.framework;
			remoteRef = BDCEF8AD496E43BE1880A579 /* PBXContainerItemProxy */;
			sourceTree = BUILT_PRODUCTS_DIR;
		};
		E2DCC0B6BEE21E7E61E0D2C8 /* DevLogDataCommon.framework */ = {
			isa = PBXReferenceProxy;
			fileType = wrapper.framework;
			path = DevLogDataCommon.framework;
			remoteRef = 7EC73D0C02D4A6D53AB175BB /* PBXContainerItemProxy */;
			sourceTree = BUILT_PRODUCTS_DIR;
		};
		ECA0FA5D48B08534F54744FC /* DevLogDataProtocol.framework */ = {
			isa = PBXReferenceProxy;
			fileType = wrapper.framework;
			path = DevLogDataProtocol.framework;
			remoteRef = 3DFAA1B8CAA99746A43B0525 /* PBXContainerItemProxy */;
			sourceTree = BUILT_PRODUCTS_DIR;
		};
/* End PBXReferenceProxy section */

/* Begin PBXResourcesBuildPhase section */
		5F943984CC1B4A3836CF316E /* Resources */ = {
			isa = PBXResourcesBuildPhase;
			buildActionMask = 2147483647;
			files = (
			);
			runOnlyForDeploymentPostprocessing = 0;
		};
/* End PBXResourcesBuildPhase section */

/* Begin PBXSourcesBuildPhase section */
		F3DA432031981B11AF07B907 /* Sources */ = {
			isa = PBXSourcesBuildPhase;
			buildActionMask = 2147483647;
			files = (
				3530599B937DC8E3F908F3F3 /* LoadingState.swift in Sources */,
				BAFA35470372A100D996D4A8 /* Color+Hex.swift in Sources */,
				104A1B691C40A8182E5F8EF8 /* Store.swift in Sources */,
				363613285150A9CE24C9A251 /* ActivityKindItem.swift in Sources */,
				0F4B4A95DBD1219D374B47E3 /* HeatmapActivityItem.swift in Sources */,
				A36B72465455E8FE6C5D95FD /* HeatmapDay.swift in Sources */,
				0A5A148F5EF1BAD010BED113 /* HeatmapMonth.swift in Sources */,
				D8DCEA367C54C527295E004F /* HeatmapQuarter.swift in Sources */,
				10EA3E7496613DE389BF9DB7 /* PushNotificationItem.swift in Sources */,
				E7EBEBA803A9449A6CBEF11B /* RecentTodoItem.swift in Sources */,
				143CCE59C5AE926947DA0EA6 /* SystemTodoCategoryItem.swift in Sources */,
				CD1D494C5D0EC118C8BAD491 /* TodayTodoItem.swift in Sources */,
				8177365142615E093EFEBA2D /* TodoCategoryItem.swift in Sources */,
				8F0F4426566FDABC9804C3FD /* TodoIDItem.swift in Sources */,
				BD140AE5E7EBE1F485AE5C65 /* TodoListItem.swift in Sources */,
				C3F4F347400691516783EF81 /* TodoReferenceItem.swift in Sources */,
				C217400D4242DC74BA88D82D /* UserTodoCategoryItem.swift in Sources */,
				BDC5D53C3F06032A1CE7AFDA /* WebPageItem.swift in Sources */,
				516FF64DF6F521E446A4E55B /* AccountViewModel.swift in Sources */,
				72DEE86FF7C989E685B4AC0B /* HomeViewModel.swift in Sources */,
				5C687AA63F317542D6EBAC59 /* LoginViewModel.swift in Sources */,
				44ACA41EDDAB32BA6DD4419B /* MainViewModel.swift in Sources */,
				DB081DF4854E8D445EFE0608 /* ProfileViewModel.swift in Sources */,
				73D3CC9EDECF98AEE1D71A7E /* PushNotificationListViewModel.swift in Sources */,
				FBD395A75EDED059CC021AF3 /* PushNotificationSettingsViewModel.swift in Sources */,
				5E60673D981843248E402D54 /* RootViewModel.swift in Sources */,
				1A5EF7B2B4490CBCA9DAA040 /* SearchViewModel.swift in Sources */,
				44B70769659747F403D98B3A /* SettingViewModel.swift in Sources */,
				2FB6AD996A213275B4EEEA05 /* TodayViewModel.swift in Sources */,
				55F93EBF8B32C5B838DC13A3 /* TodoDetailViewModel.swift in Sources */,
				AB242EFD5B25055A0F4B3436 /* TodoEditorViewModel.swift in Sources */,
				246479E87ECFD0B2DDDA1F75 /* TodoListViewModel.swift in Sources */,
				59A456649207F4FA33CCD747 /* TodoManageViewModel.swift in Sources */,
			);
			runOnlyForDeploymentPostprocessing = 0;
		};
/* End PBXSourcesBuildPhase section */

/* Begin PBXTargetDependency section */
		3E21F3A3C22C9F31A55EC073 /* PBXTargetDependency */ = {
			isa = PBXTargetDependency;
			name = DevLogDataCommon;
			targetProxy = 77E4314FC17F4A0414624BB3 /* PBXContainerItemProxy */;
		};
		C8EA2345A40DFA6BCCD803EE /* PBXTargetDependency */ = {
			isa = PBXTargetDependency;
			name = DevLogDomain;
			targetProxy = 63A78AEC0654C9B6030C055B /* PBXContainerItemProxy */;
		};
/* End PBXTargetDependency section */

/* Begin XCBuildConfiguration section */
		1119D89647A3E81696CD6F79 /* Debug */ = {
			isa = XCBuildConfiguration;
			buildSettings = {
				ALWAYS_SEARCH_USER_PATHS = NO;
				CLANG_ANALYZER_NONNULL = YES;
				CLANG_ANALYZER_NUMBER_OBJECT_CONVERSION = YES_AGGRESSIVE;
				CLANG_CXX_LANGUAGE_STANDARD = "gnu++14";
				CLANG_CXX_LIBRARY = "libc++";
				CLANG_ENABLE_MODULES = YES;
				CLANG_ENABLE_OBJC_ARC = YES;
				CLANG_ENABLE_OBJC_WEAK = YES;
				CLANG_WARN_BLOCK_CAPTURE_AUTORELEASING = YES;
				CLANG_WARN_BOOL_CONVERSION = YES;
				CLANG_WARN_COMMA = YES;
				CLANG_WARN_CONSTANT_CONVERSION = YES;
				CLANG_WARN_DEPRECATED_OBJC_IMPLEMENTATIONS = YES;
				CLANG_WARN_DIRECT_OBJC_ISA_USAGE = YES_ERROR;
				CLANG_WARN_DOCUMENTATION_COMMENTS = YES;
				CLANG_WARN_EMPTY_BODY = YES;
				CLANG_WARN_ENUM_CONVERSION = YES;
				CLANG_WARN_INFINITE_RECURSION = YES;
				CLANG_WARN_INT_CONVERSION = YES;
				CLANG_WARN_NON_LITERAL_NULL_CONVERSION = YES;
				CLANG_WARN_OBJC_IMPLICIT_RETAIN_SELF = YES;
				CLANG_WARN_OBJC_LITERAL_CONVERSION = YES;
				CLANG_WARN_OBJC_ROOT_CLASS = YES_ERROR;
				CLANG_WARN_QUOTED_INCLUDE_IN_FRAMEWORK_HEADER = YES;
				CLANG_WARN_RANGE_LOOP_ANALYSIS = YES;
				CLANG_WARN_STRICT_PROTOTYPES = YES;
				CLANG_WARN_SUSPICIOUS_MOVE = YES;
				CLANG_WARN_UNGUARDED_AVAILABILITY = YES_AGGRESSIVE;
				CLANG_WARN_UNREACHABLE_CODE = YES;
				CLANG_WARN__DUPLICATE_METHOD_MATCH = YES;
				COPY_PHASE_STRIP = NO;
				DEBUG_INFORMATION_FORMAT = dwarf;
				ENABLE_STRICT_OBJC_MSGSEND = YES;
				ENABLE_TESTABILITY = YES;
				GCC_C_LANGUAGE_STANDARD = gnu11;
				GCC_DYNAMIC_NO_PIC = NO;
				GCC_NO_COMMON_BLOCKS = YES;
				GCC_OPTIMIZATION_LEVEL = 0;
				GCC_PREPROCESSOR_DEFINITIONS = (
					"DEBUG=1",
					"$(inherited)",
				);
				GCC_WARN_64_TO_32_BIT_CONVERSION = YES;
				GCC_WARN_ABOUT_RETURN_TYPE = YES_ERROR;
				GCC_WARN_UNDECLARED_SELECTOR = YES;
				GCC_WARN_UNINITIALIZED_AUTOS = YES_AGGRESSIVE;
				GCC_WARN_UNUSED_FUNCTION = YES;
				GCC_WARN_UNUSED_VARIABLE = YES;
				MTL_ENABLE_DEBUG_INFO = INCLUDE_SOURCE;
				MTL_FAST_MATH = YES;
				ONLY_ACTIVE_ARCH = YES;
				PRODUCT_NAME = "$(TARGET_NAME)";
				SWIFT_ACTIVE_COMPILATION_CONDITIONS = DEBUG;
				SWIFT_OPTIMIZATION_LEVEL = "-Onone";
				SWIFT_VERSION = 5.0;
			};
			name = Debug;
		};
		3B6C7C7825EC72D04CACF6BF /* Release */ = {
			isa = XCBuildConfiguration;
			buildSettings = {
				CLANG_ENABLE_OBJC_WEAK = NO;
				CURRENT_PROJECT_VERSION = 1;
				DEFINES_MODULE = YES;
				DYLIB_COMPATIBILITY_VERSION = 1;
				DYLIB_CURRENT_VERSION = 1;
				DYLIB_INSTALL_NAME_BASE = "@rpath";
				GENERATE_INFOPLIST_FILE = YES;
				INSTALL_PATH = "$(LOCAL_LIBRARY_DIR)/Frameworks";
				IPHONEOS_DEPLOYMENT_TARGET = 17.0;
				LD_RUNPATH_SEARCH_PATHS = "$(inherited) @executable_path/Frameworks @loader_path/Frameworks";
				PRODUCT_BUNDLE_IDENTIFIER = com.opfic.DevLog.DevLogPresentation;
				PRODUCT_NAME = "$(TARGET_NAME)";
				SDKROOT = iphoneos;
				SKIP_INSTALL = YES;
				SWIFT_VERSION = 5.0;
				TARGETED_DEVICE_FAMILY = "1,2";
				VALIDATE_PRODUCT = YES;
				VERSIONING_SYSTEM = "apple-generic";
				VERSION_INFO_PREFIX = "";
			};
			name = Release;
		};
		8DD7AD0C295CF0638E03F403 /* Debug */ = {
			isa = XCBuildConfiguration;
			buildSettings = {
				CLANG_ENABLE_OBJC_WEAK = NO;
				CURRENT_PROJECT_VERSION = 1;
				DEFINES_MODULE = YES;
				DYLIB_COMPATIBILITY_VERSION = 1;
				DYLIB_CURRENT_VERSION = 1;
				DYLIB_INSTALL_NAME_BASE = "@rpath";
				GENERATE_INFOPLIST_FILE = YES;
				INSTALL_PATH = "$(LOCAL_LIBRARY_DIR)/Frameworks";
				IPHONEOS_DEPLOYMENT_TARGET = 17.0;
				LD_RUNPATH_SEARCH_PATHS = "$(inherited) @executable_path/Frameworks @loader_path/Frameworks";
				PRODUCT_BUNDLE_IDENTIFIER = com.opfic.DevLog.DevLogPresentation;
				PRODUCT_NAME = "$(TARGET_NAME)";
				SDKROOT = iphoneos;
				SKIP_INSTALL = YES;
				SWIFT_VERSION = 5.0;
				TARGETED_DEVICE_FAMILY = "1,2";
				VERSIONING_SYSTEM = "apple-generic";
				VERSION_INFO_PREFIX = "";
			};
			name = Debug;
		};
		973B1093961F1A8F15179643 /* Release */ = {
			isa = XCBuildConfiguration;
			buildSettings = {
				ALWAYS_SEARCH_USER_PATHS = NO;
				CLANG_ANALYZER_NONNULL = YES;
				CLANG_ANALYZER_NUMBER_OBJECT_CONVERSION = YES_AGGRESSIVE;
				CLANG_CXX_LANGUAGE_STANDARD = "gnu++14";
				CLANG_CXX_LIBRARY = "libc++";
				CLANG_ENABLE_MODULES = YES;
				CLANG_ENABLE_OBJC_ARC = YES;
				CLANG_ENABLE_OBJC_WEAK = YES;
				CLANG_WARN_BLOCK_CAPTURE_AUTORELEASING = YES;
				CLANG_WARN_BOOL_CONVERSION = YES;
				CLANG_WARN_COMMA = YES;
				CLANG_WARN_CONSTANT_CONVERSION = YES;
				CLANG_WARN_DEPRECATED_OBJC_IMPLEMENTATIONS = YES;
				CLANG_WARN_DIRECT_OBJC_ISA_USAGE = YES_ERROR;
				CLANG_WARN_DOCUMENTATION_COMMENTS = YES;
				CLANG_WARN_EMPTY_BODY = YES;
				CLANG_WARN_ENUM_CONVERSION = YES;
				CLANG_WARN_INFINITE_RECURSION = YES;
				CLANG_WARN_INT_CONVERSION = YES;
				CLANG_WARN_NON_LITERAL_NULL_CONVERSION = YES;
				CLANG_WARN_OBJC_IMPLICIT_RETAIN_SELF = YES;
				CLANG_WARN_OBJC_LITERAL_CONVERSION = YES;
				CLANG_WARN_OBJC_ROOT_CLASS = YES_ERROR;
				CLANG_WARN_QUOTED_INCLUDE_IN_FRAMEWORK_HEADER = YES;
				CLANG_WARN_RANGE_LOOP_ANALYSIS = YES;
				CLANG_WARN_STRICT_PROTOTYPES = YES;
				CLANG_WARN_SUSPICIOUS_MOVE = YES;
				CLANG_WARN_UNGUARDED_AVAILABILITY = YES_AGGRESSIVE;
				CLANG_WARN_UNREACHABLE_CODE = YES;
				CLANG_WARN__DUPLICATE_METHOD_MATCH = YES;
				COPY_PHASE_STRIP = NO;
				DEBUG_INFORMATION_FORMAT = "dwarf-with-dsym";
				ENABLE_NS_ASSERTIONS = NO;
				ENABLE_STRICT_OBJC_MSGSEND = YES;
				GCC_C_LANGUAGE_STANDARD = gnu11;
				GCC_NO_COMMON_BLOCKS = YES;
				GCC_WARN_64_TO_32_BIT_CONVERSION = YES;
				GCC_WARN_ABOUT_RETURN_TYPE = YES_ERROR;
				GCC_WARN_UNDECLARED_SELECTOR = YES;
				GCC_WARN_UNINITIALIZED_AUTOS = YES_AGGRESSIVE;
				GCC_WARN_UNUSED_FUNCTION = YES;
				GCC_WARN_UNUSED_VARIABLE = YES;
				MTL_ENABLE_DEBUG_INFO = NO;
				MTL_FAST_MATH = YES;
				PRODUCT_NAME = "$(TARGET_NAME)";
				SWIFT_COMPILATION_MODE = wholemodule;
				SWIFT_OPTIMIZATION_LEVEL = "-O";
				SWIFT_VERSION = 5.0;
			};
			name = Release;
		};
/* End XCBuildConfiguration section */

/* Begin XCConfigurationList section */
		3740A9B62C71D6CE98B3688F /* Build configuration list for PBXNativeTarget "DevLogPresentation" */ = {
			isa = XCConfigurationList;
			buildConfigurations = (
				3B6C7C7825EC72D04CACF6BF /* Release */,
				8DD7AD0C295CF0638E03F403 /* Debug */,
			);
			defaultConfigurationIsVisible = 0;
			defaultConfigurationName = Release;
		};
		FE8B1D393F1236CFECA60C89 /* Build configuration list for PBXProject "DevLogPresentation" */ = {
			isa = XCConfigurationList;
			buildConfigurations = (
				1119D89647A3E81696CD6F79 /* Debug */,
				973B1093961F1A8F15179643 /* Release */,
			);
			defaultConfigurationIsVisible = 0;
			defaultConfigurationName = Release;
		};
/* End XCConfigurationList section */
	};
	rootObject = 096704712B06C41C6A0FE074 /* Project object */;
}
